
Microsoft Visual Studio Solution File, Format Version 12.00
# Visual Studio 2013
VisualStudioVersion = 12.0.31101.0
MinimumVisualStudioVersion = 10.0.40219.1
Project("{8BC9CEB8-8B4A-11D0-8D11-00A0C91BC942}") = "px3_cloth", "px3_cloth\px3_cloth.vcxproj", "{18D833C7-A248-4FE8-B9B1-3128DEFA5FF3}"
EndProject
Project("{8BC9CEB8-8B4A-11D0-8D11-00A0C91BC942}") = "px3_fluid", "px3_fluid\px3_fluid.vcxproj", "{03723BD2-9049-4BB6-9B49-90BD8793F357}"
EndProject
Project("{8BC9CEB8-8B4A-11D0-8D11-00A0C91BC942}") = "px3_fluid_absorb", "px3_fluid_absorb\px3_fluid_absorb.vcxproj", "{8A319193-8CB1-41EA-9DCD-65377599886A}"
EndProject
Global
	GlobalSection(SolutionConfigurationPlatforms) = preSolution
		Debug|Win32 = Debug|Win32
		Release|Win32 = Release|Win32
	EndGlobalSection
	GlobalSection(ProjectConfigurationPlatforms) = postSolution
		{18D833C7-A248-4FE8-B9B1-3128DEFA5FF3}.Debug|Win32.ActiveCfg = Debug|Win32
		{18D833C7-A248-4FE8-B9B1-3128DEFA5FF3}.Debug|Win32.Build.0 = Debug|Win32
		{18D833C7-A248-4FE8-B9B1-3128DEFA5FF3}.Release|Win32.ActiveCfg = Release|Win32
		{18D833C7-A248-4FE8-B9B1-3128DEFA5FF3}.Release|Win32.Build.0 = Release|Win32
		{03723BD2-9049-4BB6-9B49-90BD8793F357}.Debug|Win32.ActiveCfg = Debug|Win32
		{03723BD2-9049-4BB6-9B49-90BD8793F357}.Debug|Win32.Build.0 = Debug|Win32
		{03723BD2-9049-4BB6-9B49-90BD8793F357}.Release|Win32.ActiveCfg = Release|Win32
		{03723BD2-9049-4BB6-9B49-90BD8793F357}.Release|Win32.Build.0 = Release|Win32
		{8A319193-8CB1-41EA-9DCD-65377599886A}.Debug|Win32.ActiveCfg = Debug|Win32
		{8A319193-8CB1-41EA-9DCD-65377599886A}.Debug|Win32.Build.0 = Debug|Win32
		{8A319193-8CB1-41EA-9DCD-65377599886A}.Release|Win32.ActiveCfg = Release|Win32
		{8A319193-8CB1-41EA-9DCD-65377599886A}.Release|Win32.Build.0 = Release|Win32
	EndGlobalSection
	GlobalSection(SolutionProperties) = preSolution
		HideSolutionNode = FALSE
	EndGlobalSection
EndGlobal
